# THIS IS AN AUTOGENERATED FILE. DO NOT EDIT THIS FILE DIRECTLY.
# yarn lockfile v1


"@types/node@*", "@types/node@^18.15.13":
  version "18.16.3"
  resolved "https://registry.yarnpkg.com/@types/node/-/node-18.16.3.tgz#6bda7819aae6ea0b386ebc5b24bdf602f1b42b01"
  integrity sha512-OPs5WnnT1xkCBiuQrZA4+YAV4HEJejmHneyraIaxsbev5yCEr6KMwINNFP9wQeFIw8FWcoTqF3vQsa5CDaI+8Q==

"@types/websocket@^1.0.5":
  version "1.0.5"
  resolved "https://registry.yarnpkg.com/@types/websocket/-/websocket-1.0.5.tgz#3fb80ed8e07f88e51961211cd3682a3a4a81569c"
  integrity sha512-NbsqiNX9CnEfC1Z0Vf4mE1SgAJ07JnRYcNex7AJ9zAVzmiGHmjKFEk7O4TJIsgv2B1sLEb6owKFZrACwdYngsQ==
  dependencies:
    "@types/node" "*"

pocketbase@^0.14.0:
  version "0.14.3"
  resolved "https://registry.yarnpkg.com/pocketbase/-/pocketbase-0.14.3.tgz#0e906a0de303e1f3c18fd5eee05b72baef893064"
  integrity sha512-F7UsNFH/W6/Z25nB+x6RF3oW0AuhcYroR9z8cFi+RH9rTTL8YZczly8PDjo8H9sZUrXXNmRtRpISGfSzrYl8dg==

react-use-websocket@^4.3.1:
  version "4.3.1"
  resolved "https://registry.yarnpkg.com/react-use-websocket/-/react-use-websocket-4.3.1.tgz#13cd2fd2e0fb90010482ab2858f8ae81f2ce85c2"
  integrity sha512-zHPLWrgcqydJaak2O5V9hiz4q2dwkwqNQqpgFVmSuPxLZdsZlnDs8DVHy3WtHH+A6ms/8aHIyX7+7ulOcrnR0Q==

ws@^8.13.0:
  version "8.13.0"
  resolved "https://registry.yarnpkg.com/ws/-/ws-8.13.0.tgz#9a9fb92f93cf41512a0735c8f4dd09b8a1211cd0"
  integrity sha512-x9vcZYTrFPC7aSIbj7sRCYo7L/Xb8Iy+pW0ng0wt2vCJv7M9HOMy0UoN3rr+IFC7hb7vXoqS+P9ktyLLLhO+LA==
